
Microsoft Visual Studio Solution File, Format Version 12.00
# Visual Studio Version 16
VisualStudioVersion = 16.0.31402.337
MinimumVisualStudioVersion = 10.0.40219.1
Project("{FAE04EC0-301F-11D3-BF4B-00C04F79EFBC}") = "ConsoleApp1", "ConsoleApp1\ConsoleApp1.csproj", "{EB0D6664-D09E-4B59-AE39-9A98A50A2B03}"
EndProject
Global
	GlobalSection(SolutionConfigurationPlatforms) = preSolution
		Debug|Any CPU = Debug|Any CPU
		Release|Any CPU = Release|Any CPU
	EndGlobalSection
	GlobalSection(ProjectConfigurationPlatforms) = postSolution
		{EB0D6664-D09E-4B59-AE39-9A98A50A2B03}.Debug|Any CPU.ActiveCfg = Debug|Any CPU
		{EB0D6664-D09E-4B59-AE39-9A98A50A2B03}.Debug|Any CPU.Build.0 = Debug|Any CPU
		{EB0D6664-D09E-4B59-AE39-9A98A50A2B03}.Release|Any CPU.ActiveCfg = Release|Any CPU
		{EB0D6664-D09E-4B59-AE39-9A98A50A2B03}.Release|Any CPU.Build.0 = Release|Any CPU
	EndGlobalSection
	GlobalSection(SolutionProperties) = preSolution
		HideSolutionNode = FALSE
	EndGlobalSection
	GlobalSection(ExtensibilityGlobals) = postSolution
		SolutionGuid = {1D854EE5-4142-4551-9A7A-6B7FB7ADC980}
	EndGlobalSection
EndGlobal
